// !$*UTF8*$!
{
	archiveVersion = 1;
	classes = {
	};
	objectVersion = 46;
	objects = {

/* Begin PBXBuildFile section */
		4A8392151EEE713A00C355A2 /* AppDelegate.swift in Sources */ = {isa = PBXBuildFile; fileRef = 4A8392141EEE713A00C355A2 /* AppDelegate.swift */; };
		4A8392171EEE713A00C355A2 /* ViewController.swift in Sources */ = {isa = PBXBuildFile; fileRef = 4A8392161EEE713A00C355A2 /* ViewController.swift */; };
		4A83921A1EEE713A00C355A2 /* Main.storyboard in Resources */ = {isa = PBXBuildFile; fileRef = 4A8392181EEE713A00C355A2 /* Main.storyboard */; };
		4A83921C1EEE713A00C355A2 /* Assets.xcassets in Resources */ = {isa = PBXBuildFile; fileRef = 4A83921B1EEE713A00C355A2 /* Assets.xcassets */; };
		4A83921F1EEE713A00C355A2 /* LaunchScreen.storyboard in Resources */ = {isa = PBXBuildFile; fileRef = 4A83921D1EEE713A00C355A2 /* LaunchScreen.storyboard */; };
		4A83922A1EEE713A00C355A2 /* BlueToothManDemoTests.swift in Sources */ = {isa = PBXBuildFile; fileRef = 4A8392291EEE713A00C355A2 /* BlueToothManDemoTests.swift */; };
		4A8392351EEE713A00C355A2 /* BlueToothManDemoUITests.swift in Sources */ = {isa = PBXBuildFile; fileRef = 4A8392341EEE713A00C355A2 /* BlueToothManDemoUITests.swift */; };
		4A8392451EEE71C600C355A2 /* blueToothTool.swift in Sources */ = {isa = PBXBuildFile; fileRef = 4A8392431EEE71C600C355A2 /* blueToothTool.swift */; };
		4A8392461EEE71C600C355A2 /* blueToothModel.swift in Sources */ = {isa = PBXBuildFile; fileRef = 4A8392441EEE71C600C355A2 /* blueToothModel.swift */; };
		4AF16F961EEFC4D50000B0A8 /* README.md in Sources */ = {isa = PBXBuildFile; fileRef = 4AF16F951EEFC4D50000B0A8 /* README.md */; };
/* End PBXBuildFile section */

/* Begin PBXContainerItemProxy section */
		4A8392261EEE713A00C355A2 /* PBXContainerItemProxy */ = {
			isa = PBXContainerItemProxy;
			containerPortal = 4A8392091EEE713A00C355A2 /* Project object */;
			proxyType = 1;
			remoteGlobalIDString = 4A8392101EEE713A00C355A2;
			remoteInfo = BlueToothManDemo;
		};
		4A8392311EEE713A00C355A2 /* PBXContainerItemProxy */ = {
			isa = PBXContainerItemProxy;
			containerPortal = 4A8392091EEE713A00C355A2 /* Project object */;
			proxyType = 1;
			remoteGlobalIDString = 4A8392101EEE713A00C355A2;
			remoteInfo = BlueToothManDemo;
		};
/* End PBXContainerItemProxy section */

/* Begin PBXFileReference section */
		4A8392111EEE713A00C355A2 /* BlueToothManDemo.app */ = {isa = PBXFileReference; explicitFileType = wrapper.application; includeInIndex = 0; path = BlueToothManDemo.app; sourceTree = BUILT_PRODUCTS_DIR; };
		4A8392141EEE713A00C355A2 /* AppDelegate.swift */ = {isa = PBXFileReference; lastKnownFileType = sourcecode.swift; path = AppDelegate.swift; sourceTree = "<group>"; };
		4A8392161EEE713A00C355A2 /* ViewController.swift */ = {isa = PBXFileReference; lastKnownFileType = sourcecode.swift; path = ViewController.swift; sourceTree = "<group>"; };
		4A8392191EEE713A00C355A2 /* Base */ = {isa = PBXFileReference; lastKnownFileType = file.storyboard; name = Base; path = Base.lproj/Main.storyboard; sourceTree = "<group>"; };
		4A83921B1EEE713A00C355A2 /* Assets.xcassets */ = {isa = PBXFileReference; lastKnownFileType = folder.assetcatalog; path = Assets.xcassets; sourceTree = "<group>"; };
		4A83921E1EEE713A00C355A2 /* Base */ = {isa = PBXFileReference; lastKnownFileType = file.storyboard; name = Base; path = Base.lproj/LaunchScreen.storyboard; sourceTree = "<group>"; };
		4A8392201EEE713A00C355A2 /* Info.plist */ = {isa = PBXFileReference; lastKnownFileType = text.plist.xml; path = Info.plist; sourceTree = "<group>"; };
		4A8392251EEE713A00C355A2 /* BlueToothManDemoTests.xctest */ = {isa = PBXFileReference; explicitFileType = wrapper.cfbundle; includeInIndex = 0; path = BlueToothManDemoTests.xctest; sourceTree = BUILT_PRODUCTS_DIR; };
		4A8392291EEE713A00C355A2 /* BlueToothManDemoTests.swift */ = {isa = PBXFileReference; lastKnownFileType = sourcecode.swift; path = BlueToothManDemoTests.swift; sourceTree = "<group>"; };
		4A83922B1EEE713A00C355A2 /* Info.plist */ = {isa = PBXFileReference; lastKnownFileType = text.plist.xml; path = Info.plist; sourceTree = "<group>"; };
		4A8392301EEE713A00C355A2 /* BlueToothManDemoUITests.xctest */ = {isa = PBXFileReference; explicitFileType = wrapper.cfbundle; includeInIndex = 0; path = BlueToothManDemoUITests.xctest; sourceTree = BUILT_PRODUCTS_DIR; };
		4A8392341EEE713A00C355A2 /* BlueToothManDemoUITests.swift */ = {isa = PBXFileReference; lastKnownFileType = sourcecode.swift; path = BlueToothManDemoUITests.swift; sourceTree = "<group>"; };
		4A8392361EEE713A00C355A2 /* Info.plist */ = {isa = PBXFileReference; lastKnownFileType = text.plist.xml; path = Info.plist; sourceTree = "<group>"; };
		4A8392431EEE71C600C355A2 /* blueToothTool.swift */ = {isa = PBXFileReference; fileEncoding = 4; lastKnownFileType = sourcecode.swift; name = blueToothTool.swift; path = BluetoothMan/blueToothTool.swift; sourceTree = "<group>"; };
		4A8392441EEE71C600C355A2 /* blueToothModel.swift */ = {isa = PBXFileReference; fileEncoding = 4; lastKnownFileType = sourcecode.swift; name = blueToothModel.swift; path = BluetoothMan/blueToothModel.swift; sourceTree = "<group>"; };
		4AF16F951EEFC4D50000B0A8 /* README.md */ = {isa = PBXFileReference; fileEncoding = 4; lastKnownFileType = net.daringfireball.markdown; path = README.md; sourceTree = "<group>"; };
/* End PBXFileReference section */

/* Begin PBXFrameworksBuildPhase section */
		4A83920E1EEE713A00C355A2 /* Frameworks */ = {
			isa = PBXFrameworksBuildPhase;
			buildActionMask = 2147483647;
			files = (
			);
			runOnlyForDeploymentPostprocessing = 0;
		};
		4A8392221EEE713A00C355A2 /* Frameworks */ = {
			isa = PBXFrameworksBuildPhase;
			buildActionMask = 2147483647;
			files = (
			);
			runOnlyForDeploymentPostprocessing = 0;
		};
		4A83922D1EEE713A00C355A2 /* Frameworks */ = {
			isa = PBXFrameworksBuildPhase;
			buildActionMask = 2147483647;
			files = (
			);
			runOnlyForDeploymentPostprocessing = 0;
		};
/* End PBXFrameworksBuildPhase section */

/* Begin PBXGroup section */
		4A8392081EEE713A00C355A2 = {
			isa = PBXGroup;
			children = (
				4AF16F951EEFC4D50000B0A8 /* README.md */,
				4A8392421EEE715400C355A2 /* BluetoothMan */,
				4A8392131EEE713A00C355A2 /* BlueToothManDemo */,
				4A8392281EEE713A00C355A2 /* BlueToothManDemoTests */,
				4A8392331EEE713A00C355A2 /* BlueToothManDemoUITests */,
				4A8392121EEE713A00C355A2 /* Products */,
			);
			sourceTree = "<group>";
		};
		4A8392121EEE713A00C355A2 /* Products */ = {
			isa = PBXGroup;
			children = (
				4A8392111EEE713A00C355A2 /* BlueToothManDemo.app */,
				4A8392251EEE713A00C355A2 /* BlueToothManDemoTests.xctest */,
				4A8392301EEE713A00C355A2 /* BlueToothManDemoUITests.xctest */,
			);
			name = Products;
			sourceTree = "<group>";
		};
		4A8392131EEE713A00C355A2 /* BlueToothManDemo */ = {
			isa = PBXGroup;
			children = (
				4A8392141EEE713A00C355A2 /* AppDelegate.swift */,
				4A8392161EEE713A00C355A2 /* ViewController.swift */,
				4A8392181EEE713A00C355A2 /* Main.storyboard */,
				4A83921B1EEE713A00C355A2 /* Assets.xcassets */,
				4A83921D1EEE713A00C355A2 /* LaunchScreen.storyboard */,
				4A8392201EEE713A00C355A2 /* Info.plist */,
			);
			path = BlueToothManDemo;
			sourceTree = "<group>";
		};
		4A8392281EEE713A00C355A2 /* BlueToothManDemoTests */ = {
			isa = PBXGroup;
			children = (
				4A8392291EEE713A00C355A2 /* BlueToothManDemoTests.swift */,
				4A83922B1EEE713A00C355A2 /* Info.plist */,
			);
			path = BlueToothManDemoTests;
			sourceTree = "<group>";
		};
		4A8392331EEE713A00C355A2 /* BlueToothManDemoUITests */ = {
			isa = PBXGroup;
			children = (
				4A8392341EEE713A00C355A2 /* BlueToothManDemoUITests.swift */,
				4A8392361EEE713A00C355A2 /* Info.plist */,
			);
			path = BlueToothManDemoUITests;
			sourceTree = "<group>";
		};
		4A8392421EEE715400C355A2 /* BluetoothMan */ = {
			isa = PBXGroup;
			children = (
				4A8392431EEE71C600C355A2 /* blueToothTool.swift */,
				4A8392441EEE71C600C355A2 /* blueToothModel.swift */,
			);
			name = BluetoothMan;
			sourceTree = "<group>";
		};
/* End PBXGroup section */

/* Begin PBXNativeTarget section */
		4A8392101EEE713A00C355A2 /* BlueToothManDemo */ = {
			isa = PBXNativeTarget;
			buildConfigurationList = 4A8392391EEE713A00C355A2 /* Build configuration list for PBXNativeTarget "BlueToothManDemo" */;
			buildPhases = (
				4A83920D1EEE713A00C355A2 /* Sources */,
				4A83920E1EEE713A00C355A2 /* Frameworks */,
				4A83920F1EEE713A00C355A2 /* Resources */,
			);
			buildRules = (
			);
			dependencies = (
			);
			name = BlueToothManDemo;
			productName = BlueToothManDemo;
			productReference = 4A8392111EEE713A00C355A2 /* BlueToothManDemo.app */;
			productType = "com.apple.product-type.application";
		};
		4A8392241EEE713A00C355A2 /* BlueToothManDemoTests */ = {
			isa = PBXNativeTarget;
			buildConfigurationList = 4A83923C1EEE713A00C355A2 /* Build configuration list for PBXNativeTarget "BlueToothManDemoTests" */;
			buildPhases = (
				4A8392211EEE713A00C355A2 /* Sources */,
				4A8392221EEE713A00C355A2 /* Frameworks */,
				4A8392231EEE713A00C355A2 /* Resources */,
			);
			buildRules = (
			);
			dependencies = (
				4A8392271EEE713A00C355A2 /* PBXTargetDependency */,
			);
			name = BlueToothManDemoTests;
			productName = BlueToothManDemoTests;
			productReference = 4A8392251EEE713A00C355A2 /* BlueToothManDemoTests.xctest */;
			productType = "com.apple.product-type.bundle.unit-test";
		};
		4A83922F1EEE713A00C355A2 /* BlueToothManDemoUITests */ = {
			isa = PBXNativeTarget;
			buildConfigurationList = 4A83923F1EEE713A00C355A2 /* Build configuration list for PBXNativeTarget "BlueToothManDemoUITests" */;
			buildPhases = (
				4A83922C1EEE713A00C355A2 /* Sources */,
				4A83922D1EEE713A00C355A2 /* Frameworks */,
				4A83922E1EEE713A00C355A2 /* Resources */,
			);
			buildRules = (
			);
			dependencies = (
				4A8392321EEE713A00C355A2 /* PBXTargetDependency */,
			);
			name = BlueToothManDemoUITests;
			productName = BlueToothManDemoUITests;
			productReference = 4A8392301EEE713A00C355A2 /* BlueToothManDemoUITests.xctest */;
			productType = "com.apple.product-type.bundle.ui-testing";
		};
/* End PBXNativeTarget section */

/* Begin PBXProject section */
		4A8392091EEE713A00C355A2 /* Project object */ = {
			isa = PBXProject;
			attributes = {
				LastSwiftUpdateCheck = 0720;
				LastUpgradeCheck = 0720;
				ORGANIZATIONNAME = "梓简王";
				TargetAttributes = {
					4A8392101EEE713A00C355A2 = {
						CreatedOnToolsVersion = 7.2.1;
					};
					4A8392241EEE713A00C355A2 = {
						CreatedOnToolsVersion = 7.2.1;
						TestTargetID = 4A8392101EEE713A00C355A2;
					};
					4A83922F1EEE713A00C355A2 = {
						CreatedOnToolsVersion = 7.2.1;
						TestTargetID = 4A8392101EEE713A00C355A2;
					};
				};
			};
			buildConfigurationList = 4A83920C1EEE713A00C355A2 /* Build configuration list for PBXProject "BlueToothManDemo" */;
			compatibilityVersion = "Xcode 3.2";
			developmentRegion = English;
			hasScannedForEncodings = 0;
			knownRegions = (
				en,
				Base,
			);
			mainGroup = 4A8392081EEE713A00C355A2;
			productRefGroup = 4A8392121EEE713A00C355A2 /* Products */;
			projectDirPath = "";
			projectRoot = "";
			targets = (
				4A8392101EEE713A00C355A2 /* BlueToothManDemo */,
				4A8392241EEE713A00C355A2 /* BlueToothManDemoTests */,
				4A83922F1EEE713A00C355A2 /* BlueToothManDemoUITests */,
			);
		};
/* End PBXProject section */

/* Begin PBXResourcesBuildPhase section */
		4A83920F1EEE713A00C355A2 /* Resources */ = {
			isa = PBXResourcesBuildPhase;
			buildActionMask = 2147483647;
			files = (
				4A83921F1EEE713A00C355A2 /* LaunchScreen.storyboard in Resources */,
				4A83921C1EEE713A00C355A2 /* Assets.xcassets in Resources */,
				4A83921A1EEE713A00C355A2 /* Main.storyboard in Resources */,
			);
			runOnlyForDeploymentPostprocessing = 0;
		};
		4A8392231EEE713A00C355A2 /* Resources */ = {
			isa = PBXResourcesBuildPhase;
			buildActionMask = 2147483647;
			files = (
			);
			runOnlyForDeploymentPostprocessing = 0;
		};
		4A83922E1EEE713A00C355A2 /* Resources */ = {
			isa = PBXResourcesBuildPhase;
			buildActionMask = 2147483647;
			files = (
			);
			runOnlyForDeploymentPostprocessing = 0;
		};
/* End PBXResourcesBuildPhase section */

/* Begin PBXSourcesBuildPhase section */
		4A83920D1EEE713A00C355A2 /* Sources */ = {
			isa = PBXSourcesBuildPhase;
			buildActionMask = 2147483647;
			files = (
				4A8392171EEE713A00C355A2 /* ViewController.swift in Sources */,
				4A8392451EEE71C600C355A2 /* blueToothTool.swift in Sources */,
				4AF16F961EEFC4D50000B0A8 /* README.md in Sources */,
				4A8392461EEE71C600C355A2 /* blueToothModel.swift in Sources */,
				4A8392151EEE713A00C355A2 /* AppDelegate.swift in Sources */,
			);
			runOnlyForDeploymentPostprocessing = 0;
		};
		4A8392211EEE713A00C355A2 /* Sources */ = {
			isa = PBXSourcesBuildPhase;
			buildActionMask = 2147483647;
			files = (
				4A83922A1EEE713A00C355A2 /* BlueToothManDemoTests.swift in Sources */,
			);
			runOnlyForDeploymentPostprocessing = 0;
		};
		4A83922C1EEE713A00C355A2 /* Sources */ = {
			isa = PBXSourcesBuildPhase;
			buildActionMask = 2147483647;
			files = (
				4A8392351EEE713A00C355A2 /* BlueToothManDemoUITests.swift in Sources */,
			);
			runOnlyForDeploymentPostprocessing = 0;
		};
/* End PBXSourcesBuildPhase section */

/* Begin PBXTargetDependency section */
		4A8392271EEE713A00C355A2 /* PBXTargetDependency */ = {
			isa = PBXTargetDependency;
			target = 4A8392101EEE713A00C355A2 /* BlueToothManDemo */;
			targetProxy = 4A8392261EEE713A00C355A2 /* PBXContainerItemProxy */;
		};
		4A8392321EEE713A00C355A2 /* PBXTargetDependency */ = {
			isa = PBXTargetDependency;
			target = 4A8392101EEE713A00C355A2 /* BlueToothManDemo */;
			targetProxy = 4A8392311EEE713A00C355A2 /* PBXContainerItemProxy */;
		};
/* End PBXTargetDependency section */

/* Begin PBXVariantGroup section */
		4A8392181EEE713A00C355A2 /* Main.storyboard */ = {
			isa = PBXVariantGroup;
			children = (
				4A8392191EEE713A00C355A2 /* Base */,
			);
			name = Main.storyboard;
			sourceTree = "<group>";
		};
		4A83921D1EEE713A00C355A2 /* LaunchScreen.storyboard */ = {
			isa = PBXVariantGroup;
			children = (
				4A83921E1EEE713A00C355A2 /* Base */,
			);
			name = LaunchScreen.storyboard;
			sourceTree = "<group>";
		};
/* End PBXVariantGroup section */

/* Begin XCBuildConfiguration section */
		4A8392371EEE713A00C355A2 /* Debug */ = {
			isa = XCBuildConfiguration;
			buildSettings = {
				ALWAYS_SEARCH_USER_PATHS = NO;
				CLANG_CXX_LANGUAGE_STANDARD = "gnu++0x";
				CLANG_CXX_LIBRARY = "libc++";
				CLANG_ENABLE_MODULES = YES;
				CLANG_ENABLE_OBJC_ARC = YES;
				CLANG_WARN_BOOL_CONVERSION = YES;
				CLANG_WARN_CONSTANT_CONVERSION = YES;
				CLANG_WARN_DIRECT_OBJC_ISA_USAGE = YES_ERROR;
				CLANG_WARN_EMPTY_BODY = YES;
				CLANG_WARN_ENUM_CONVERSION = YES;
				CLANG_WARN_INT_CONVERSION = YES;
				CLANG_WARN_OBJC_ROOT_CLASS = YES_ERROR;
				CLANG_WARN_UNREACHABLE_CODE = YES;
				CLANG_WARN__DUPLICATE_METHOD_MATCH = YES;
				"CODE_SIGN_IDENTITY[sdk=iphoneos*]" = "iPhone Developer";
				COPY_PHASE_STRIP = NO;
				DEBUG_INFORMATION_FORMAT = dwarf;
				ENABLE_STRICT_OBJC_MSGSEND = YES;
				ENABLE_TESTABILITY = YES;
				GCC_C_LANGUAGE_STANDARD = gnu99;
				GCC_DYNAMIC_NO_PIC = NO;
				GCC_NO_COMMON_BLOCKS = YES;
				GCC_OPTIMIZATION_LEVEL = 0;
				GCC_PREPROCESSOR_DEFINITIONS = (
					"DEBUG=1",
					"$(inherited)",
				);
				GCC_WARN_64_TO_32_BIT_CONVERSION = YES;
				GCC_WARN_ABOUT_RETURN_TYPE = YES_ERROR;
				GCC_WARN_UNDECLARED_SELECTOR = YES;
				GCC_WARN_UNINITIALIZED_AUTOS = YES_AGGRESSIVE;
				GCC_WARN_UNUSED_FUNCTION = YES;
				GCC_WARN_UNUSED_VARIABLE = YES;
				IPHONEOS_DEPLOYMENT_TARGET = 9.2;
				MTL_ENABLE_DEBUG_INFO = YES;
				ONLY_ACTIVE_ARCH = YES;
				SDKROOT = iphoneos;
				SWIFT_OPTIMIZATION_LEVEL = "-Onone";
			};
			name = Debug;
		};
		4A8392381EEE713A00C355A2 /* Release */ = {
			isa = XCBuildConfiguration;
			buildSettings = {
				ALWAYS_SEARCH_USER_PATHS = NO;
				CLANG_CXX_LANGUAGE_STANDARD = "gnu++0x";
				CLANG_CXX_LIBRARY = "libc++";
				CLANG_ENABLE_MODULES = YES;
				CLANG_ENABLE_OBJC_ARC = YES;
				CLANG_WARN_BOOL_CONVERSION = YES;
				CLANG_WARN_CONSTANT_CONVERSION = YES;
				CLANG_WARN_DIRECT_OBJC_ISA_USAGE = YES_ERROR;
				CLANG_WARN_EMPTY_BODY = YES;
				CLANG_WARN_ENUM_CONVERSION = YES;
				CLANG_WARN_INT_CONVERSION = YES;
				CLANG_WARN_OBJC_ROOT_CLASS = YES_ERROR;
				CLANG_WARN_UNREACHABLE_CODE = YES;
				CLANG_WARN__DUPLICATE_METHOD_MATCH = YES;
				"CODE_SIGN_IDENTITY[sdk=iphoneos*]" = "iPhone Developer";
				COPY_PHASE_STRIP = NO;
				DEBUG_INFORMATION_FORMAT = "dwarf-with-dsym";
				ENABLE_NS_ASSERTIONS = NO;
				ENABLE_STRICT_OBJC_MSGSEND = YES;
				GCC_C_LANGUAGE_STANDARD = gnu99;
				GCC_NO_COMMON_BLOCKS = YES;
				GCC_WARN_64_TO_32_BIT_CONVERSION = YES;
				GCC_WARN_ABOUT_RETURN_TYPE = YES_ERROR;
				GCC_WARN_UNDECLARED_SELECTOR = YES;
				GCC_WARN_UNINITIALIZED_AUTOS = YES_AGGRESSIVE;
				GCC_WARN_UNUSED_FUNCTION = YES;
				GCC_WARN_UNUSED_VARIABLE = YES;
				IPHONEOS_DEPLOYMENT_TARGET = 9.2;
				MTL_ENABLE_DEBUG_INFO = NO;
				SDKROOT = iphoneos;
				VALIDATE_PRODUCT = YES;
			};
			name = Release;
		};
		4A83923A1EEE713A00C355A2 /* Debug */ = {
			isa = XCBuildConfiguration;
			buildSettings = {
				ASSETCATALOG_COMPILER_APPICON_NAME = AppIcon;
				INFOPLIST_FILE = BlueToothManDemo/Info.plist;
				LD_RUNPATH_SEARCH_PATHS = "$(inherited) @executable_path/Frameworks";
				PRODUCT_BUNDLE_IDENTIFIER = com.dogbro.BlueToothManDemo;
				PRODUCT_NAME = "$(TARGET_NAME)";
			};
			name = Debug;
		};
		4A83923B1EEE713A00C355A2 /* Release */ = {
			isa = XCBuildConfiguration;
			buildSettings = {
				ASSETCATALOG_COMPILER_APPICON_NAME = AppIcon;
				INFOPLIST_FILE = BlueToothManDemo/Info.plist;
				LD_RUNPATH_SEARCH_PATHS = "$(inherited) @executable_path/Frameworks";
				PRODUCT_BUNDLE_IDENTIFIER = com.dogbro.BlueToothManDemo;
				PRODUCT_NAME = "$(TARGET_NAME)";
			};
			name = Release;
		};
		4A83923D1EEE713A00C355A2 /* Debug */ = {
			isa = XCBuildConfiguration;
			buildSettings = {
				BUNDLE_LOADER = "$(TEST_HOST)";
				INFOPLIST_FILE = BlueToothManDemoTests/Info.plist;
				LD_RUNPATH_SEARCH_PATHS = "$(inherited) @executable_path/Frameworks @loader_path/Frameworks";
				PRODUCT_BUNDLE_IDENTIFIER = com.dogbro.BlueToothManDemoTests;
				PRODUCT_NAME = "$(TARGET_NAME)";
				TEST_HOST = "$(BUILT_PRODUCTS_DIR)/BlueToothManDemo.app/BlueToothManDemo";
			};
			name = Debug;
		};
		4A83923E1EEE713A00C355A2 /* Release */ = {
			isa = XCBuildConfiguration;
			buildSettings = {
				BUNDLE_LOADER = "$(TEST_HOST)";
				INFOPLIST_FILE = BlueToothManDemoTests/Info.plist;
				LD_RUNPATH_SEARCH_PATHS = "$(inherited) @executable_path/Frameworks @loader_path/Frameworks";
				PRODUCT_BUNDLE_IDENTIFIER = com.dogbro.BlueToothManDemoTests;
				PRODUCT_NAME = "$(TARGET_NAME)";
				TEST_HOST = "$(BUILT_PRODUCTS_DIR)/BlueToothManDemo.app/BlueToothManDemo";
			};
			name = Release;
		};
		4A8392401EEE713A00C355A2 /* Debug */ = {
			isa = XCBuildConfiguration;
			buildSettings = {
				INFOPLIST_FILE = BlueToothManDemoUITests/Info.plist;
				LD_RUNPATH_SEARCH_PATHS = "$(inherited) @executable_path/Frameworks @loader_path/Frameworks";
				PRODUCT_BUNDLE_IDENTIFIER = com.dogbro.BlueToothManDemoUITests;
				PRODUCT_NAME = "$(TARGET_NAME)";
				TEST_TARGET_NAME = BlueToothManDemo;
				USES_XCTRUNNER = YES;
			};
			name = Debug;
		};
		4A8392411EEE713A00C355A2 /* Release */ = {
			isa = XCBuildConfiguration;
			buildSettings = {
				INFOPLIST_FILE = BlueToothManDemoUITests/Info.plist;
				LD_RUNPATH_SEARCH_PATHS = "$(inherited) @executable_path/Frameworks @loader_path/Frameworks";
				PRODUCT_BUNDLE_IDENTIFIER = com.dogbro.BlueToothManDemoUITests;
				PRODUCT_NAME = "$(TARGET_NAME)";
				TEST_TARGET_NAME = BlueToothManDemo;
				USES_XCTRUNNER = YES;
			};
			name = Release;
		};
/* End XCBuildConfiguration section */

/* Begin XCConfigurationList section */
		4A83920C1EEE713A00C355A2 /* Build configuration list for PBXProject "BlueToothManDemo" */ = {
			isa = XCConfigurationList;
			buildConfigurations = (
				4A8392371EEE713A00C355A2 /* Debug */,
				4A8392381EEE713A00C355A2 /* Release */,
			);
			defaultConfigurationIsVisible = 0;
			defaultConfigurationName = Release;
		};
		4A8392391EEE713A00C355A2 /* Build configuration list for PBXNativeTarget "BlueToothManDemo" */ = {
			isa = XCConfigurationList;
			buildConfigurations = (
				4A83923A1EEE713A00C355A2 /* Debug */,
				4A83923B1EEE713A00C355A2 /* Release */,
			);
			defaultConfigurationIsVisible = 0;
			defaultConfigurationName = Release;
		};
		4A83923C1EEE713A00C355A2 /* Build configuration list for PBXNativeTarget "BlueToothManDemoTests" */ = {
			isa = XCConfigurationList;
			buildConfigurations = (
				4A83923D1EEE713A00C355A2 /* Debug */,
				4A83923E1EEE713A00C355A2 /* Release */,
			);
			defaultConfigurationIsVisible = 0;
			defaultConfigurationName = Release;
		};
		4A83923F1EEE713A00C355A2 /* Build configuration list for PBXNativeTarget "BlueToothManDemoUITests" */ = {
			isa = XCConfigurationList;
			buildConfigurations = (
				4A8392401EEE713A00C355A2 /* Debug */,
				4A8392411EEE713A00C355A2 /* Release */,
			);
			defaultConfigurationIsVisible = 0;
			defaultConfigurationName = Release;
		};
/* End XCConfigurationList section */
	};
	rootObject = 4A8392091EEE713A00C355A2 /* Project object */;
}
